
Microsoft Visual Studio Solution File, Format Version 12.00
# Visual Studio Version 17
VisualStudioVersion = 17.9.34723.18
MinimumVisualStudioVersion = 10.0.40219.1
Project("{FAE04EC0-301F-11D3-BF4B-00C04F79EFBC}") = "BPUNGUILEXAMEN", "BPUNGUILEXAMEN\BPUNGUILEXAMEN.csproj", "{3BCDBBAC-4729-4849-BCA1-DD7C13C3100C}"
EndProject
Global
	GlobalSection(SolutionConfigurationPlatforms) = preSolution
		Debug|Any CPU = Debug|Any CPU
		Release|Any CPU = Release|Any CPU
	EndGlobalSection
	GlobalSection(ProjectConfigurationPlatforms) = postSolution
		{3BCDBBAC-4729-4849-BCA1-DD7C13C3100C}.Debug|Any CPU.ActiveCfg = Debug|Any CPU
		{3BCDBBAC-4729-4849-BCA1-DD7C13C3100C}.Debug|Any CPU.Build.0 = Debug|Any CPU
		{3BCDBBAC-4729-4849-BCA1-DD7C13C3100C}.Debug|Any CPU.Deploy.0 = Debug|Any CPU
		{3BCDBBAC-4729-4849-BCA1-DD7C13C3100C}.Release|Any CPU.ActiveCfg = Release|Any CPU
		{3BCDBBAC-4729-4849-BCA1-DD7C13C3100C}.Release|Any CPU.Build.0 = Release|Any CPU
		{3BCDBBAC-4729-4849-BCA1-DD7C13C3100C}.Release|Any CPU.Deploy.0 = Release|Any CPU
	EndGlobalSection
	GlobalSection(SolutionProperties) = preSolution
		HideSolutionNode = FALSE
	EndGlobalSection
	GlobalSection(ExtensibilityGlobals) = postSolution
		SolutionGuid = {01D23B60-5F9D-4381-9ACE-CBC0B0FB44C7}
	EndGlobalSection
EndGlobal
